
Microsoft Visual Studio Solution File, Format Version 11.00
# Visual Studio 2010
Project("{FAE04EC0-301F-11D3-BF4B-00C04F79EFBC}") = "BRS", "BRS\BRS.csproj", "{9FC6B098-95CB-48AF-8F45-6C6BC5C89308}"
EndProject
Global
	GlobalSection(SolutionConfigurationPlatforms) = preSolution
		Debug|Any CPU = Debug|Any CPU
		Release|Any CPU = Release|Any CPU
	EndGlobalSection
	GlobalSection(ProjectConfigurationPlatforms) = postSolution
		{9FC6B098-95CB-48AF-8F45-6C6BC5C89308}.Debug|Any CPU.ActiveCfg = Debug|Any CPU
		{9FC6B098-95CB-48AF-8F45-6C6BC5C89308}.Debug|Any CPU.Build.0 = Debug|Any CPU
		{9FC6B098-95CB-48AF-8F45-6C6BC5C89308}.Release|Any CPU.ActiveCfg = Release|Any CPU
		{9FC6B098-95CB-48AF-8F45-6C6BC5C89308}.Release|Any CPU.Build.0 = Release|Any CPU
	EndGlobalSection
	GlobalSection(SolutionProperties) = preSolution
		HideSolutionNode = FALSE
	EndGlobalSection
EndGlobal
